<?xml version="1.0" encoding="utf-8"?>
<Project ToolsVersion="4.0" xmlns="http://schemas.microsoft.com/developer/msbuild/2003">
  <ItemGroup>
    <Filter Include="Source Files">
      <UniqueIdentifier>{4FC737F1-C7A5-4376-A066-2A32D752A2FF}</UniqueIdentifier>
      <Extensions>cpp;c;cc;cxx;def;odl;idl;hpj;bat;asm;asmx</Extensions>
    </Filter>
    <Filter Include="Header Files">
      <UniqueIdentifier>{93995380-89BD-4b04-88EB-625FBE52EBFB}</UniqueIdentifier>
      <Extensions>h;hh;hpp;hxx;hm;inl;inc;ipp;xsd</Extensions>
    </Filter>
    <Filter Include="Resource Files">
      <UniqueIdentifier>{67DA6AB6-F800-4c08-8B7A-83BB121AAD01}</UniqueIdentifier>
      <Extensions>rc;ico;cur;bmp;dlg;rc2;rct;bin;rgs;gif;jpg;jpeg;jpe;resx;tiff;tif;png;wav;mfcribbon-ms</Extensions>
    </Filter>
    <Filter Include="Source Files\audio">
      <UniqueIdentifier>{108ba34f-df23-49c3-aa82-7ad272922377}</UniqueIdentifier>
    </Filter>
    <Filter Include="Source Files\utils">
      <UniqueIdentifier>{4a29629d-99e4-4f76-9e67-8d5e699c38a8}</UniqueIdentifier>
    </Filter>
    <Filter Include="Source Files\mapper">
      <UniqueIdentifier>{d21ad208-5dd4-40c3-8fb8-fc35b0b2c0d0}</UniqueIdentifier>
    </Filter>
    <Filter Include="Source Files\nestest">
      <UniqueIdentifier>{9ab0c727-297d-4259-a6d5-5db23e7f75e6}</UniqueIdentifier>
    </Filter>
    <Filter Include="Source Files\video">
      <UniqueIdentifier>{802657ff-cce1-4109-892d-3d8b063e8177}</UniqueIdentifier>
    </Filter>
    <Filter Include="Source Files\core">
      <UniqueIdentifier>{230fd20c-0913-4f8d-b8ef-d3ef59c6132b}</UniqueIdentifier>
    </Filter>
    <Filter Include="Source Files\frontend">
      <UniqueIdentifier>{9bd972a6-c831-43cf-a8c7-11aa285247b5}</UniqueIdentifier>
    </Filter>
    <Filter Include="Source Files\input">
      <UniqueIdentifier>{899404d6-a9a4-4cb5-b81d-7be9f84ab562}</UniqueIdentifier>
    </Filter>
    <Filter Include="Source Files\fileio">
      <UniqueIdentifier>{5e4a99a5-345a-4053-97d0-69318fc26ec5}</UniqueIdentifier>
    </Filter>
  </ItemGroup>
  <ItemGroup>
    <ClInclude Include="Sources\audio\AudioChannel.hpp">
      <Filter>Source Files\audio</Filter>
    </ClInclude>
    <ClInclude Include="Sources\audio\AudioDevice.hpp">
      <Filter>Source Files\audio</Filter>
    </ClInclude>
    <ClInclude Include="Sources\utils\Bitarray.hpp">
      <Filter>Source Files\utils</Filter>
    </ClInclude>
    <ClInclude Include="Sources\utils\BitCommon.hpp">
      <Filter>Source Files\utils</Filter>
    </ClInclude>
    <ClInclude Include="Sources\utils\Bitfield.hpp">
      <Filter>Source Files\utils</Filter>
    </ClInclude>
    <ClInclude Include="Sources\utils\Bitshifter.hpp">
      <Filter>Source Files\utils</Filter>
    </ClInclude>
    <ClInclude Include="Sources\utils\ClockDivider.hpp">
      <Filter>Source Files\utils</Filter>
    </ClInclude>
    <ClInclude Include="Sources\audio\EnvelopeGenerator.hpp">
      <Filter>Source Files\audio</Filter>
    </ClInclude>
    <ClInclude Include="Sources\audio\DMCChannel.hpp">
      <Filter>Source Files\audio</Filter>
    </ClInclude>
    <ClInclude Include="Sources\audio\FilterCommon.hpp">
      <Filter>Source Files\audio</Filter>
    </ClInclude>
    <ClInclude Include="Sources\audio\HighPassFilter.hpp">
      <Filter>Source Files\audio</Filter>
    </ClInclude>
    <ClInclude Include="Sources\audio\LengthCounter.hpp">
      <Filter>Source Files\audio</Filter>
    </ClInclude>
    <ClInclude Include="Sources\audio\LowPassFilter.hpp">
      <Filter>Source Files\audio</Filter>
    </ClInclude>
    <ClInclude Include="Sources\mapper\Mapper.hpp">
      <Filter>Source Files\mapper</Filter>
    </ClInclude>
    <ClInclude Include="Sources\mapper\MapperBase.hpp">
      <Filter>Source Files\mapper</Filter>
    </ClInclude>
    <ClInclude Include="Sources\mapper\MapperMMC1.hpp">
      <Filter>Source Files\mapper</Filter>
    </ClInclude>
    <ClInclude Include="Sources\mapper\MapperNROM.hpp">
      <Filter>Source Files\mapper</Filter>
    </ClInclude>
    <ClInclude Include="Sources\mapper\MapperUxROM.hpp">
      <Filter>Source Files\mapper</Filter>
    </ClInclude>
    <ClInclude Include="Sources\audio\Mixer.hpp">
      <Filter>Source Files\audio</Filter>
    </ClInclude>
    <ClInclude Include="Sources\test\Nestest.hpp">
      <Filter>Source Files\nestest</Filter>
    </ClInclude>
    <ClInclude Include="Sources\test\NestestROM.hpp">
      <Filter>Source Files\nestest</Filter>
    </ClInclude>
    <ClInclude Include="Sources\audio\NoiseChannel.hpp">
      <Filter>Source Files\audio</Filter>
    </ClInclude>
    <ClInclude Include="Sources\audio\NoiseGenerator.hpp">
      <Filter>Source Files\audio</Filter>
    </ClInclude>
    <ClInclude Include="Sources\audio\RicohApu.hpp">
      <Filter>Source Files\audio</Filter>
    </ClInclude>
    <ClInclude Include="Sources\audio\SweepGenerator.hpp">
      <Filter>Source Files\audio</Filter>
    </ClInclude>
    <ClInclude Include="Sources\audio\TriangleGenerator.hpp">
      <Filter>Source Files\audio</Filter>
    </ClInclude>
    <ClInclude Include="Sources\audio\TriangleChannel.hpp">
      <Filter>Source Files\audio</Filter>
    </ClInclude>
    <ClInclude Include="Sources\audio\Sequencer.hpp">
      <Filter>Source Files\audio</Filter>
    </ClInclude>
    <ClInclude Include="Sources\audio\PulseChannel.hpp">
      <Filter>Source Files\audio</Filter>
    </ClInclude>
    <ClInclude Include="Sources\audio\PulseGenerator.hpp">
      <Filter>Source Files\audio</Filter>
    </ClInclude>
    <ClInclude Include="Sources\video\Palette.hpp">
      <Filter>Source Files\video</Filter>
    </ClInclude>
    <ClInclude Include="Sources\video\OAMemory.hpp">
      <Filter>Source Files\video</Filter>
    </ClInclude>
    <ClInclude Include="Sources\video\PixelBuffer.hpp">
      <Filter>Source Files\video</Filter>
    </ClInclude>
    <ClInclude Include="Sources\video\Image.hpp">
      <Filter>Source Files\video</Filter>
    </ClInclude>
    <ClInclude Include="Sources\audio\PeriodCounter.hpp">
      <Filter>Source Files\audio</Filter>
    </ClInclude>
    <ClInclude Include="Sources\utils\Literals.hpp">
      <Filter>Source Files\utils</Filter>
    </ClInclude>
    <ClInclude Include="Sources\utils\NonMovable.hpp">
      <Filter>Source Files\utils</Filter>
    </ClInclude>
    <ClInclude Include="Sources\utils\NonCopyable.hpp">
      <Filter>Source Files\utils</Filter>
    </ClInclude>
    <ClInclude Include="Sources\core\CoreConfig.hpp">
      <Filter>Source Files\core</Filter>
    </ClInclude>
    <ClInclude Include="Sources\core\RicohCpuImpl.hpp">
      <Filter>Source Files\core</Filter>
    </ClInclude>
    <ClInclude Include="Sources\core\RicohCpu.hpp">
      <Filter>Source Files\core</Filter>
    </ClInclude>
    <ClInclude Include="Sources\utils\SDL2.hpp">
      <Filter>Source Files\utils</Filter>
    </ClInclude>
    <ClInclude Include="Sources\core\Console.hpp">
      <Filter>Source Files\core</Filter>
    </ClInclude>
    <ClInclude Include="Sources\core\Memory.hpp">
      <Filter>Source Files\core</Filter>
    </ClInclude>
    <ClInclude Include="Sources\core\StaticMemory.hpp">
      <Filter>Source Files\core</Filter>
    </ClInclude>
    <ClInclude Include="Sources\utils\Options.hpp">
      <Filter>Source Files\utils</Filter>
    </ClInclude>
    <ClInclude Include="Sources\utils\Types.hpp">
      <Filter>Source Files\utils</Filter>
    </ClInclude>
    <ClInclude Include="Sources\input\InputPort.hpp">
      <Filter>Source Files\input</Filter>
    </ClInclude>
    <ClInclude Include="Sources\fileio\ProgramROM.hpp">
      <Filter>Source Files\fileio</Filter>
    </ClInclude>
    <ClInclude Include="Sources\input\InputProxy.hpp">
      <Filter>Source Files\input</Filter>
    </ClInclude>
    <ClInclude Include="Sources\fileio\InputRecord.hpp">
      <Filter>Source Files\fileio</Filter>
    </ClInclude>
    <ClInclude Include="Sources\utils\ArrayView.hpp">
      <Filter>Source Files\utils</Filter>
    </ClInclude>
    <ClInclude Include="Sources\video\RicohPPU.hpp">
      <Filter>Source Files\video</Filter>
    </ClInclude>
    <ClInclude Include="Sources\frontend\Main.hpp">
      <Filter>Source Files\frontend</Filter>
    </ClInclude>
    <ClInclude Include="Sources\frontend\InputController.hpp">
      <Filter>Source Files\frontend</Filter>
    </ClInclude>
  </ItemGroup>
  <ItemGroup>
    <ClCompile Include="Sources\mapper\Mapper.cpp">
      <Filter>Source Files\mapper</Filter>
    </ClCompile>
    <ClCompile Include="Sources\mapper\MapperMMC1.cpp">
      <Filter>Source Files\mapper</Filter>
    </ClCompile>
    <ClCompile Include="Sources\mapper\MapperNROM.cpp">
      <Filter>Source Files\mapper</Filter>
    </ClCompile>
    <ClCompile Include="Sources\mapper\MapperUxROM.cpp">
      <Filter>Source Files\mapper</Filter>
    </ClCompile>
    <ClCompile Include="Sources\test\Nestest.cpp">
      <Filter>Source Files\nestest</Filter>
    </ClCompile>
    <ClCompile Include="Sources\test\NestestLog.cpp">
      <Filter>Source Files\nestest</Filter>
    </ClCompile>
    <ClCompile Include="Sources\test\NestestMain.cpp">
      <Filter>Source Files\nestest</Filter>
    </ClCompile>
    <ClCompile Include="Sources\test\NestestROM.cpp">
      <Filter>Source Files\nestest</Filter>
    </ClCompile>
    <ClCompile Include="Sources\core\Console.cpp">
      <Filter>Source Files\core</Filter>
    </ClCompile>
    <ClCompile Include="Sources\frontend\Main.cpp">
      <Filter>Source Files\frontend</Filter>
    </ClCompile>
    <ClCompile Include="Sources\fileio\ProgramROM.cpp">
      <Filter>Source Files\fileio</Filter>
    </ClCompile>
  </ItemGroup>
</Project>