<?xml version="1.0" encoding="utf-8"?>
<Project ToolsVersion="4.0" xmlns="http://schemas.microsoft.com/developer/msbuild/2003">
  <ItemGroup>
    <Filter Include="Source Files">
      <UniqueIdentifier>{4FC737F1-C7A5-4376-A066-2A32D752A2FF}</UniqueIdentifier>
      <Extensions>cpp;c;cc;cxx;def;odl;idl;hpj;bat;asm;asmx</Extensions>
    </Filter>
    <Filter Include="Header Files">
      <UniqueIdentifier>{93995380-89BD-4b04-88EB-625FBE52EBFB}</UniqueIdentifier>
      <Extensions>h;hh;hpp;hxx;hm;inl;inc;ipp;xsd</Extensions>
    </Filter>
    <Filter Include="Resource Files">
      <UniqueIdentifier>{67DA6AB6-F800-4c08-8B7A-83BB121AAD01}</UniqueIdentifier>
      <Extensions>rc;ico;cur;bmp;dlg;rc2;rct;bin;rgs;gif;jpg;jpeg;jpe;resx;tiff;tif;png;wav;mfcribbon-ms</Extensions>
    </Filter>
  </ItemGroup>
  <ItemGroup>
    <ClCompile Include="sources\Main.cpp">
      <Filter>Source Files</Filter>
    </ClCompile>
    <ClCompile Include="sources\Nestest.cpp">
      <Filter>Source Files</Filter>
    </ClCompile>
    <ClCompile Include="sources\RicohCpu.cpp">
      <Filter>Source Files</Filter>
    </ClCompile>
    <ClCompile Include="sources\NestestMain.cpp">
      <Filter>Source Files</Filter>
    </ClCompile>
    <ClCompile Include="sources\NestestLog.cpp">
      <Filter>Source Files</Filter>
    </ClCompile>
    <ClCompile Include="sources\NestestPrg.cpp">
      <Filter>Source Files</Filter>
    </ClCompile>
    <ClCompile Include="sources\NestestChr.cpp">
      <Filter>Source Files</Filter>
    </ClCompile>
    <ClCompile Include="sources\Ines.cpp">
      <Filter>Source Files</Filter>
    </ClCompile>
    <ClCompile Include="sources\MapperNROM.cpp">
      <Filter>Source Files</Filter>
    </ClCompile>
    <ClCompile Include="Sources\Palette.cpp">
      <Filter>Source Files</Filter>
    </ClCompile>
  </ItemGroup>
  <ItemGroup>
    <ClInclude Include="sources\Nestest.hpp">
      <Filter>Source Files</Filter>
    </ClInclude>
    <ClInclude Include="sources\Types.hpp">
      <Filter>Source Files</Filter>
    </ClInclude>
    <ClInclude Include="sources\RicohCpuImpl.hpp">
      <Filter>Source Files</Filter>
    </ClInclude>
    <ClInclude Include="sources\RicohCpu.hpp">
      <Filter>Source Files</Filter>
    </ClInclude>
    <ClInclude Include="sources\Memory.hpp">
      <Filter>Source Files</Filter>
    </ClInclude>
    <ClInclude Include="sources\StaticMemory.hpp">
      <Filter>Source Files</Filter>
    </ClInclude>
    <ClInclude Include="sources\Mapper.hpp">
      <Filter>Source Files</Filter>
    </ClInclude>
    <ClInclude Include="sources\Ines.hpp">
      <Filter>Source Files</Filter>
    </ClInclude>
    <ClInclude Include="sources\MapperNROM.hpp">
      <Filter>Source Files</Filter>
    </ClInclude>
    <ClInclude Include="Sources\RicohApu.hpp">
      <Filter>Source Files</Filter>
    </ClInclude>
    <ClInclude Include="Sources\Console.hpp">
      <Filter>Header Files</Filter>
    </ClInclude>
    <ClInclude Include="Sources\Bitfield.hpp">
      <Filter>Header Files</Filter>
    </ClInclude>
    <ClInclude Include="Sources\Bitshifter.hpp">
      <Filter>Header Files</Filter>
    </ClInclude>
    <ClInclude Include="Sources\Bitcommon.hpp">
      <Filter>Header Files</Filter>
    </ClInclude>
    <ClInclude Include="Sources\Bitarray.hpp">
      <Filter>Header Files</Filter>
    </ClInclude>
    <ClInclude Include="Sources\Image.hpp">
      <Filter>Header Files</Filter>
    </ClInclude>
    <ClInclude Include="Sources\Palette.hpp">
      <Filter>Header Files</Filter>
    </ClInclude>
    <ClInclude Include="Sources\OAMemory.hpp">
      <Filter>Header Files</Filter>
    </ClInclude>
    <ClInclude Include="Sources\RicohPPU.hpp">
      <Filter>Header Files</Filter>
    </ClInclude>
  </ItemGroup>
</Project>