<?xml version="1.0" encoding="utf-8"?>
<Project ToolsVersion="4.0" xmlns="http://schemas.microsoft.com/developer/msbuild/2003">
  <ItemGroup>
    <Filter Include="Source Files">
      <UniqueIdentifier>{4FC737F1-C7A5-4376-A066-2A32D752A2FF}</UniqueIdentifier>
      <Extensions>cpp;c;cc;cxx;def;odl;idl;hpj;bat;asm;asmx</Extensions>
    </Filter>
    <Filter Include="Header Files">
      <UniqueIdentifier>{93995380-89BD-4b04-88EB-625FBE52EBFB}</UniqueIdentifier>
      <Extensions>h;hh;hpp;hxx;hm;inl;inc;ipp;xsd</Extensions>
    </Filter>
    <Filter Include="Resource Files">
      <UniqueIdentifier>{67DA6AB6-F800-4c08-8B7A-83BB121AAD01}</UniqueIdentifier>
      <Extensions>rc;ico;cur;bmp;dlg;rc2;rct;bin;rgs;gif;jpg;jpeg;jpe;resx;tiff;tif;png;wav;mfcribbon-ms</Extensions>
    </Filter>
  </ItemGroup>
  <ItemGroup>
    <ClInclude Include="Sources\utils\Bitarray.hpp">
      <Filter>Header Files</Filter>
    </ClInclude>
    <ClInclude Include="Sources\utils\BitCommon.hpp">
      <Filter>Header Files</Filter>
    </ClInclude>
    <ClInclude Include="Sources\utils\Bitfield.hpp">
      <Filter>Header Files</Filter>
    </ClInclude>
    <ClInclude Include="Sources\utils\Bitshifter.hpp">
      <Filter>Header Files</Filter>
    </ClInclude>
    <ClInclude Include="Sources\utils\Image.hpp">
      <Filter>Header Files</Filter>
    </ClInclude>
    <ClInclude Include="Sources\video\OAMemory.hpp">
      <Filter>Header Files</Filter>
    </ClInclude>
    <ClInclude Include="Sources\video\Palette.hpp">
      <Filter>Header Files</Filter>
    </ClInclude>
    <ClInclude Include="Sources\core\RicohCpuImpl.hpp">
      <Filter>Header Files</Filter>
    </ClInclude>
    <ClInclude Include="Sources\core\RicohCpu.hpp">
      <Filter>Header Files</Filter>
    </ClInclude>
    <ClInclude Include="Sources\core\StaticMemory.hpp">
      <Filter>Header Files</Filter>
    </ClInclude>
    <ClInclude Include="Sources\core\Memory.hpp">
      <Filter>Header Files</Filter>
    </ClInclude>
    <ClInclude Include="Sources\test\Nestest.hpp">
      <Filter>Header Files</Filter>
    </ClInclude>
    <ClInclude Include="Sources\utils\Types.hpp">
      <Filter>Header Files</Filter>
    </ClInclude>
    <ClInclude Include="Sources\mapper\Mapper.hpp">
      <Filter>Header Files</Filter>
    </ClInclude>
    <ClInclude Include="Sources\mapper\MapperNROM.hpp">
      <Filter>Header Files</Filter>
    </ClInclude>
    <ClInclude Include="Sources\fileio\Ines.hpp">
      <Filter>Header Files</Filter>
    </ClInclude>
    <ClInclude Include="Sources\core\Console.hpp">
      <Filter>Header Files</Filter>
    </ClInclude>
    <ClInclude Include="Sources\video\RicohPPU.hpp">
      <Filter>Header Files</Filter>
    </ClInclude>
    <ClInclude Include="Sources\core\CoreConfig.hpp">
      <Filter>Header Files</Filter>
    </ClInclude>
    <ClInclude Include="Sources\input\InputPort.hpp">
      <Filter>Header Files</Filter>
    </ClInclude>
    <ClInclude Include="Sources\utils\ClockDivider.hpp">
      <Filter>Header Files</Filter>
    </ClInclude>
    <ClInclude Include="Sources\audio\RicohAPU.hpp">
      <Filter>Header Files</Filter>
    </ClInclude>
    <ClInclude Include="Sources\audio\AudioBuffer.hpp">
      <Filter>Header Files</Filter>
    </ClInclude>
    <ClInclude Include="Sources\audio\LengthCounter.hpp">
      <Filter>Header Files</Filter>
    </ClInclude>
    <ClInclude Include="Sources\audio\EnvelopeGenerator.hpp">
      <Filter>Header Files</Filter>
    </ClInclude>
    <ClInclude Include="Sources\audio\SweepGenerator.hpp">
      <Filter>Header Files</Filter>
    </ClInclude>
    <ClInclude Include="Sources\audio\PulseGenerator.hpp">
      <Filter>Header Files</Filter>
    </ClInclude>
    <ClInclude Include="Sources\audio\PulseChannel.hpp">
      <Filter>Header Files</Filter>
    </ClInclude>
    <ClInclude Include="Sources\audio\Mixer.hpp">
      <Filter>Header Files</Filter>
    </ClInclude>
    <ClInclude Include="Sources\audio\Sequencer.hpp">
      <Filter>Header Files</Filter>
    </ClInclude>
    <ClInclude Include="Sources\audio\AudioChannel.hpp">
      <Filter>Header Files</Filter>
    </ClInclude>
    <ClInclude Include="Sources\audio\TriangleGenerator.hpp">
      <Filter>Header Files</Filter>
    </ClInclude>
    <ClInclude Include="Sources\audio\PeriodCounter.hpp">
      <Filter>Header Files</Filter>
    </ClInclude>
    <ClInclude Include="Sources\audio\TriangleChannel.hpp">
      <Filter>Header Files</Filter>
    </ClInclude>
    <ClInclude Include="Sources\audio\NoiseChannel.hpp">
      <Filter>Header Files</Filter>
    </ClInclude>
    <ClInclude Include="Sources\audio\NoiseGenerator.hpp">
      <Filter>Header Files</Filter>
    </ClInclude>
    <ClInclude Include="Sources\mapper\MapperUxROM.hpp">
      <Filter>Header Files</Filter>
    </ClInclude>
    <ClInclude Include="Sources\utils\Literals.hpp">
      <Filter>Header Files</Filter>
    </ClInclude>
  </ItemGroup>
  <ItemGroup>
    <ClCompile Include="Sources\Main.cpp">
      <Filter>Source Files</Filter>
    </ClCompile>
    <ClCompile Include="Sources\video\Palette.cpp">
      <Filter>Source Files</Filter>
    </ClCompile>
    <ClCompile Include="Sources\test\Nestest.cpp">
      <Filter>Source Files</Filter>
    </ClCompile>
    <ClCompile Include="Sources\test\NestestChr.cpp">
      <Filter>Source Files</Filter>
    </ClCompile>
    <ClCompile Include="Sources\test\NestestLog.cpp">
      <Filter>Source Files</Filter>
    </ClCompile>
    <ClCompile Include="Sources\test\NestestMain.cpp">
      <Filter>Source Files</Filter>
    </ClCompile>
    <ClCompile Include="Sources\test\NestestPrg.cpp">
      <Filter>Source Files</Filter>
    </ClCompile>
    <ClCompile Include="Sources\mapper\MapperNROM.cpp">
      <Filter>Source Files</Filter>
    </ClCompile>
    <ClCompile Include="Sources\fileio\Ines.cpp">
      <Filter>Source Files</Filter>
    </ClCompile>
  </ItemGroup>
</Project>